
Microsoft Visual Studio Solution File, Format Version 12.00
# Visual Studio Version 16
VisualStudioVersion = 16.0.30223.230
MinimumVisualStudioVersion = 10.0.40219.1
Project("{2150E333-8FDC-42A3-9474-1A3956D46DE8}") = "Core", "Core", "{BB13F037-A152-460F-8239-A7001DA6E264}"
EndProject
Project("{9A19103F-16F7-4668-BE54-9A1E7A4F7556}") = "Pegasus.Data", "Pegasus.Data\Pegasus.Data.csproj", "{A54A07F9-ADD6-4C02-8A63-1E71AED7A9FA}"
EndProject
Project("{9A19103F-16F7-4668-BE54-9A1E7A4F7556}") = "Pegasus.Models", "Pegasus.Models\Pegasus.Models.csproj", "{46095E25-3E0E-408C-9048-B6308ADF8E89}"
EndProject
Project("{9A19103F-16F7-4668-BE54-9A1E7A4F7556}") = "Pegasus.Services", "Pegasus.Services\Pegasus.Services.csproj", "{DF564763-88BA-46A6-ACA1-061F5FDB2826}"
EndProject
Project("{9A19103F-16F7-4668-BE54-9A1E7A4F7556}") = "Pegasus.Repository", "Pegasus.Repository\Pegasus.Repository.csproj", "{7BA9CE1D-91FA-4F55-9A90-FF82B2C97963}"
EndProject
Project("{9A19103F-16F7-4668-BE54-9A1E7A4F7556}") = "Pegasus.Api.Admin", "Pegasus.Api.Admin\Pegasus.Api.Admin.csproj", "{8C2834E6-99D4-446B-A576-E515E5B7B7E9}"
EndProject
Project("{9A19103F-16F7-4668-BE54-9A1E7A4F7556}") = "Pegasus.Api.Agent", "Pegasus.Api.Agent\Pegasus.Api.Agent.csproj", "{72D17680-BDCD-4DCE-8EB3-26417821BCBA}"
EndProject
Project("{2150E333-8FDC-42A3-9474-1A3956D46DE8}") = "Api", "Api", "{17E6308E-695B-4A13-AAE8-82523412662F}"
EndProject
Project("{2150E333-8FDC-42A3-9474-1A3956D46DE8}") = "UI", "UI", "{34F269A0-2115-4C2B-971C-004A3C0F68F0}"
EndProject
Project("{2150E333-8FDC-42A3-9474-1A3956D46DE8}") = "Security", "Security", "{8EAE6682-206B-4AC8-8F65-256920176117}"
EndProject
Project("{2150E333-8FDC-42A3-9474-1A3956D46DE8}") = "WASM COMMAND CENTER", "WASM COMMAND CENTER", "{CD939C74-C080-425C-8613-8157ACD339E4}"
EndProject
Project("{9A19103F-16F7-4668-BE54-9A1E7A4F7556}") = "Pegasus.Command.Storage", "Pegasus.Command.Storage\Pegasus.Command.Storage.csproj", "{DACC4A5C-2115-4A91-8C08-20D46656B76F}"
EndProject
Project("{9A19103F-16F7-4668-BE54-9A1E7A4F7556}") = "Pegasus.Command.Shared", "Pegasus.Command.Shared\Pegasus.Command.Shared.csproj", "{3671D8A9-40D4-44D3-82C8-ED2A8CC1BF1D}"
EndProject
Project("{9A19103F-16F7-4668-BE54-9A1E7A4F7556}") = "Pegasus.Command.Server", "Pegasus.Command.Server\Pegasus.Command.Server.csproj", "{27B13FFF-BD0A-4104-BF99-970ED1DAF72C}"
EndProject
Project("{9A19103F-16F7-4668-BE54-9A1E7A4F7556}") = "Pegasus.Command.CommonUI", "Pegasus.Command.CommonUI\Pegasus.Command.CommonUI.csproj", "{9BDD51BF-8707-49E7-9A6C-A2D13583A4AD}"
EndProject
Project("{9A19103F-16F7-4668-BE54-9A1E7A4F7556}") = "Pegasus.Command.Client", "Pegasus.Command.Client\Pegasus.Command.Client.csproj", "{BBC48664-BC02-4359-8CE3-18803CE26B04}"
EndProject
Project("{9A19103F-16F7-4668-BE54-9A1E7A4F7556}") = "Pegasus.UI.Admin", "Pegasus.UI.Admin\Pegasus.UI.Admin.csproj", "{6C729274-199B-4EA5-9264-B1F81278FE9C}"
EndProject
Project("{2150E333-8FDC-42A3-9474-1A3956D46DE8}") = "WASM AGENT", "WASM AGENT", "{7DBB079F-3B3C-4BF2-9078-E38C2ADC91BB}"
EndProject
Project("{9A19103F-16F7-4668-BE54-9A1E7A4F7556}") = "Pegasus.Agent.Server", "Pegasus.Agent\Server\Pegasus.Agent.Server.csproj", "{0920048F-0EE4-41F5-9C1B-417C55EBE0B0}"
EndProject
Project("{9A19103F-16F7-4668-BE54-9A1E7A4F7556}") = "Pegasus.Agent.Client", "Pegasus.Agent\Client\Pegasus.Agent.Client.csproj", "{DF816FD7-F162-456D-B935-62742CA9EC66}"
EndProject
Project("{9A19103F-16F7-4668-BE54-9A1E7A4F7556}") = "Pegasus.Agent.Shared", "Pegasus.Agent\Shared\Pegasus.Agent.Shared.csproj", "{6E5B3C46-CD4D-4CD2-9A91-658B70B5949F}"
EndProject
Global
	GlobalSection(SolutionConfigurationPlatforms) = preSolution
		Debug_CSB|Any CPU = Debug_CSB|Any CPU
		Debug_SSB|Any CPU = Debug_SSB|Any CPU
		Debug|Any CPU = Debug|Any CPU
		Release_CSB|Any CPU = Release_CSB|Any CPU
		Release_SSB|Any CPU = Release_SSB|Any CPU
		Release|Any CPU = Release|Any CPU
	EndGlobalSection
	GlobalSection(ProjectConfigurationPlatforms) = postSolution
		{A54A07F9-ADD6-4C02-8A63-1E71AED7A9FA}.Debug_CSB|Any CPU.ActiveCfg = Debug|Any CPU
		{A54A07F9-ADD6-4C02-8A63-1E71AED7A9FA}.Debug_CSB|Any CPU.Build.0 = Debug|Any CPU
		{A54A07F9-ADD6-4C02-8A63-1E71AED7A9FA}.Debug_SSB|Any CPU.ActiveCfg = Debug|Any CPU
		{A54A07F9-ADD6-4C02-8A63-1E71AED7A9FA}.Debug_SSB|Any CPU.Build.0 = Debug|Any CPU
		{A54A07F9-ADD6-4C02-8A63-1E71AED7A9FA}.Debug|Any CPU.ActiveCfg = Debug|Any CPU
		{A54A07F9-ADD6-4C02-8A63-1E71AED7A9FA}.Debug|Any CPU.Build.0 = Debug|Any CPU
		{A54A07F9-ADD6-4C02-8A63-1E71AED7A9FA}.Release_CSB|Any CPU.ActiveCfg = Release|Any CPU
		{A54A07F9-ADD6-4C02-8A63-1E71AED7A9FA}.Release_CSB|Any CPU.Build.0 = Release|Any CPU
		{A54A07F9-ADD6-4C02-8A63-1E71AED7A9FA}.Release_SSB|Any CPU.ActiveCfg = Release|Any CPU
		{A54A07F9-ADD6-4C02-8A63-1E71AED7A9FA}.Release_SSB|Any CPU.Build.0 = Release|Any CPU
		{A54A07F9-ADD6-4C02-8A63-1E71AED7A9FA}.Release|Any CPU.ActiveCfg = Release|Any CPU
		{A54A07F9-ADD6-4C02-8A63-1E71AED7A9FA}.Release|Any CPU.Build.0 = Release|Any CPU
		{46095E25-3E0E-408C-9048-B6308ADF8E89}.Debug_CSB|Any CPU.ActiveCfg = Debug|Any CPU
		{46095E25-3E0E-408C-9048-B6308ADF8E89}.Debug_CSB|Any CPU.Build.0 = Debug|Any CPU
		{46095E25-3E0E-408C-9048-B6308ADF8E89}.Debug_SSB|Any CPU.ActiveCfg = Debug|Any CPU
		{46095E25-3E0E-408C-9048-B6308ADF8E89}.Debug_SSB|Any CPU.Build.0 = Debug|Any CPU
		{46095E25-3E0E-408C-9048-B6308ADF8E89}.Debug|Any CPU.ActiveCfg = Debug|Any CPU
		{46095E25-3E0E-408C-9048-B6308ADF8E89}.Debug|Any CPU.Build.0 = Debug|Any CPU
		{46095E25-3E0E-408C-9048-B6308ADF8E89}.Release_CSB|Any CPU.ActiveCfg = Release|Any CPU
		{46095E25-3E0E-408C-9048-B6308ADF8E89}.Release_CSB|Any CPU.Build.0 = Release|Any CPU
		{46095E25-3E0E-408C-9048-B6308ADF8E89}.Release_SSB|Any CPU.ActiveCfg = Release|Any CPU
		{46095E25-3E0E-408C-9048-B6308ADF8E89}.Release_SSB|Any CPU.Build.0 = Release|Any CPU
		{46095E25-3E0E-408C-9048-B6308ADF8E89}.Release|Any CPU.ActiveCfg = Release|Any CPU
		{46095E25-3E0E-408C-9048-B6308ADF8E89}.Release|Any CPU.Build.0 = Release|Any CPU
		{DF564763-88BA-46A6-ACA1-061F5FDB2826}.Debug_CSB|Any CPU.ActiveCfg = Debug|Any CPU
		{DF564763-88BA-46A6-ACA1-061F5FDB2826}.Debug_CSB|Any CPU.Build.0 = Debug|Any CPU
		{DF564763-88BA-46A6-ACA1-061F5FDB2826}.Debug_SSB|Any CPU.ActiveCfg = Debug|Any CPU
		{DF564763-88BA-46A6-ACA1-061F5FDB2826}.Debug_SSB|Any CPU.Build.0 = Debug|Any CPU
		{DF564763-88BA-46A6-ACA1-061F5FDB2826}.Debug|Any CPU.ActiveCfg = Debug|Any CPU
		{DF564763-88BA-46A6-ACA1-061F5FDB2826}.Debug|Any CPU.Build.0 = Debug|Any CPU
		{DF564763-88BA-46A6-ACA1-061F5FDB2826}.Release_CSB|Any CPU.ActiveCfg = Release|Any CPU
		{DF564763-88BA-46A6-ACA1-061F5FDB2826}.Release_CSB|Any CPU.Build.0 = Release|Any CPU
		{DF564763-88BA-46A6-ACA1-061F5FDB2826}.Release_SSB|Any CPU.ActiveCfg = Release|Any CPU
		{DF564763-88BA-46A6-ACA1-061F5FDB2826}.Release_SSB|Any CPU.Build.0 = Release|Any CPU
		{DF564763-88BA-46A6-ACA1-061F5FDB2826}.Release|Any CPU.ActiveCfg = Release|Any CPU
		{DF564763-88BA-46A6-ACA1-061F5FDB2826}.Release|Any CPU.Build.0 = Release|Any CPU
		{7BA9CE1D-91FA-4F55-9A90-FF82B2C97963}.Debug_CSB|Any CPU.ActiveCfg = Debug|Any CPU
		{7BA9CE1D-91FA-4F55-9A90-FF82B2C97963}.Debug_CSB|Any CPU.Build.0 = Debug|Any CPU
		{7BA9CE1D-91FA-4F55-9A90-FF82B2C97963}.Debug_SSB|Any CPU.ActiveCfg = Debug|Any CPU
		{7BA9CE1D-91FA-4F55-9A90-FF82B2C97963}.Debug_SSB|Any CPU.Build.0 = Debug|Any CPU
		{7BA9CE1D-91FA-4F55-9A90-FF82B2C97963}.Debug|Any CPU.ActiveCfg = Debug|Any CPU
		{7BA9CE1D-91FA-4F55-9A90-FF82B2C97963}.Debug|Any CPU.Build.0 = Debug|Any CPU
		{7BA9CE1D-91FA-4F55-9A90-FF82B2C97963}.Release_CSB|Any CPU.ActiveCfg = Release|Any CPU
		{7BA9CE1D-91FA-4F55-9A90-FF82B2C97963}.Release_CSB|Any CPU.Build.0 = Release|Any CPU
		{7BA9CE1D-91FA-4F55-9A90-FF82B2C97963}.Release_SSB|Any CPU.ActiveCfg = Release|Any CPU
		{7BA9CE1D-91FA-4F55-9A90-FF82B2C97963}.Release_SSB|Any CPU.Build.0 = Release|Any CPU
		{7BA9CE1D-91FA-4F55-9A90-FF82B2C97963}.Release|Any CPU.ActiveCfg = Release|Any CPU
		{7BA9CE1D-91FA-4F55-9A90-FF82B2C97963}.Release|Any CPU.Build.0 = Release|Any CPU
		{8C2834E6-99D4-446B-A576-E515E5B7B7E9}.Debug_CSB|Any CPU.ActiveCfg = Debug|Any CPU
		{8C2834E6-99D4-446B-A576-E515E5B7B7E9}.Debug_CSB|Any CPU.Build.0 = Debug|Any CPU
		{8C2834E6-99D4-446B-A576-E515E5B7B7E9}.Debug_SSB|Any CPU.ActiveCfg = Debug|Any CPU
		{8C2834E6-99D4-446B-A576-E515E5B7B7E9}.Debug_SSB|Any CPU.Build.0 = Debug|Any CPU
		{8C2834E6-99D4-446B-A576-E515E5B7B7E9}.Debug|Any CPU.ActiveCfg = Debug|Any CPU
		{8C2834E6-99D4-446B-A576-E515E5B7B7E9}.Debug|Any CPU.Build.0 = Debug|Any CPU
		{8C2834E6-99D4-446B-A576-E515E5B7B7E9}.Release_CSB|Any CPU.ActiveCfg = Release|Any CPU
		{8C2834E6-99D4-446B-A576-E515E5B7B7E9}.Release_CSB|Any CPU.Build.0 = Release|Any CPU
		{8C2834E6-99D4-446B-A576-E515E5B7B7E9}.Release_SSB|Any CPU.ActiveCfg = Release|Any CPU
		{8C2834E6-99D4-446B-A576-E515E5B7B7E9}.Release_SSB|Any CPU.Build.0 = Release|Any CPU
		{8C2834E6-99D4-446B-A576-E515E5B7B7E9}.Release|Any CPU.ActiveCfg = Release|Any CPU
		{8C2834E6-99D4-446B-A576-E515E5B7B7E9}.Release|Any CPU.Build.0 = Release|Any CPU
		{72D17680-BDCD-4DCE-8EB3-26417821BCBA}.Debug_CSB|Any CPU.ActiveCfg = Debug|Any CPU
		{72D17680-BDCD-4DCE-8EB3-26417821BCBA}.Debug_CSB|Any CPU.Build.0 = Debug|Any CPU
		{72D17680-BDCD-4DCE-8EB3-26417821BCBA}.Debug_SSB|Any CPU.ActiveCfg = Debug|Any CPU
		{72D17680-BDCD-4DCE-8EB3-26417821BCBA}.Debug_SSB|Any CPU.Build.0 = Debug|Any CPU
		{72D17680-BDCD-4DCE-8EB3-26417821BCBA}.Debug|Any CPU.ActiveCfg = Debug|Any CPU
		{72D17680-BDCD-4DCE-8EB3-26417821BCBA}.Debug|Any CPU.Build.0 = Debug|Any CPU
		{72D17680-BDCD-4DCE-8EB3-26417821BCBA}.Release_CSB|Any CPU.ActiveCfg = Release|Any CPU
		{72D17680-BDCD-4DCE-8EB3-26417821BCBA}.Release_CSB|Any CPU.Build.0 = Release|Any CPU
		{72D17680-BDCD-4DCE-8EB3-26417821BCBA}.Release_SSB|Any CPU.ActiveCfg = Release|Any CPU
		{72D17680-BDCD-4DCE-8EB3-26417821BCBA}.Release_SSB|Any CPU.Build.0 = Release|Any CPU
		{72D17680-BDCD-4DCE-8EB3-26417821BCBA}.Release|Any CPU.ActiveCfg = Release|Any CPU
		{72D17680-BDCD-4DCE-8EB3-26417821BCBA}.Release|Any CPU.Build.0 = Release|Any CPU
		{DACC4A5C-2115-4A91-8C08-20D46656B76F}.Debug_CSB|Any CPU.ActiveCfg = Debug|Any CPU
		{DACC4A5C-2115-4A91-8C08-20D46656B76F}.Debug_CSB|Any CPU.Build.0 = Debug|Any CPU
		{DACC4A5C-2115-4A91-8C08-20D46656B76F}.Debug_SSB|Any CPU.ActiveCfg = Debug|Any CPU
		{DACC4A5C-2115-4A91-8C08-20D46656B76F}.Debug_SSB|Any CPU.Build.0 = Debug|Any CPU
		{DACC4A5C-2115-4A91-8C08-20D46656B76F}.Debug|Any CPU.ActiveCfg = Debug|Any CPU
		{DACC4A5C-2115-4A91-8C08-20D46656B76F}.Debug|Any CPU.Build.0 = Debug|Any CPU
		{DACC4A5C-2115-4A91-8C08-20D46656B76F}.Release_CSB|Any CPU.ActiveCfg = Release|Any CPU
		{DACC4A5C-2115-4A91-8C08-20D46656B76F}.Release_CSB|Any CPU.Build.0 = Release|Any CPU
		{DACC4A5C-2115-4A91-8C08-20D46656B76F}.Release_SSB|Any CPU.ActiveCfg = Release|Any CPU
		{DACC4A5C-2115-4A91-8C08-20D46656B76F}.Release_SSB|Any CPU.Build.0 = Release|Any CPU
		{DACC4A5C-2115-4A91-8C08-20D46656B76F}.Release|Any CPU.ActiveCfg = Release|Any CPU
		{DACC4A5C-2115-4A91-8C08-20D46656B76F}.Release|Any CPU.Build.0 = Release|Any CPU
		{3671D8A9-40D4-44D3-82C8-ED2A8CC1BF1D}.Debug_CSB|Any CPU.ActiveCfg = Debug_CSB|Any CPU
		{3671D8A9-40D4-44D3-82C8-ED2A8CC1BF1D}.Debug_CSB|Any CPU.Build.0 = Debug_CSB|Any CPU
		{3671D8A9-40D4-44D3-82C8-ED2A8CC1BF1D}.Debug_SSB|Any CPU.ActiveCfg = Debug_SSB|Any CPU
		{3671D8A9-40D4-44D3-82C8-ED2A8CC1BF1D}.Debug_SSB|Any CPU.Build.0 = Debug_SSB|Any CPU
		{3671D8A9-40D4-44D3-82C8-ED2A8CC1BF1D}.Debug|Any CPU.ActiveCfg = Debug_CSB|Any CPU
		{3671D8A9-40D4-44D3-82C8-ED2A8CC1BF1D}.Debug|Any CPU.Build.0 = Debug_CSB|Any CPU
		{3671D8A9-40D4-44D3-82C8-ED2A8CC1BF1D}.Release_CSB|Any CPU.ActiveCfg = Release_CSB|Any CPU
		{3671D8A9-40D4-44D3-82C8-ED2A8CC1BF1D}.Release_CSB|Any CPU.Build.0 = Release_CSB|Any CPU
		{3671D8A9-40D4-44D3-82C8-ED2A8CC1BF1D}.Release_SSB|Any CPU.ActiveCfg = Release_SSB|Any CPU
		{3671D8A9-40D4-44D3-82C8-ED2A8CC1BF1D}.Release_SSB|Any CPU.Build.0 = Release_SSB|Any CPU
		{3671D8A9-40D4-44D3-82C8-ED2A8CC1BF1D}.Release|Any CPU.ActiveCfg = Release_SSB|Any CPU
		{3671D8A9-40D4-44D3-82C8-ED2A8CC1BF1D}.Release|Any CPU.Build.0 = Release_SSB|Any CPU
		{27B13FFF-BD0A-4104-BF99-970ED1DAF72C}.Debug_CSB|Any CPU.ActiveCfg = Debug_CSB|Any CPU
		{27B13FFF-BD0A-4104-BF99-970ED1DAF72C}.Debug_CSB|Any CPU.Build.0 = Debug_CSB|Any CPU
		{27B13FFF-BD0A-4104-BF99-970ED1DAF72C}.Debug_SSB|Any CPU.ActiveCfg = Debug_SSB|Any CPU
		{27B13FFF-BD0A-4104-BF99-970ED1DAF72C}.Debug_SSB|Any CPU.Build.0 = Debug_SSB|Any CPU
		{27B13FFF-BD0A-4104-BF99-970ED1DAF72C}.Debug|Any CPU.ActiveCfg = Debug_CSB|Any CPU
		{27B13FFF-BD0A-4104-BF99-970ED1DAF72C}.Debug|Any CPU.Build.0 = Debug_CSB|Any CPU
		{27B13FFF-BD0A-4104-BF99-970ED1DAF72C}.Release_CSB|Any CPU.ActiveCfg = Release_CSB|Any CPU
		{27B13FFF-BD0A-4104-BF99-970ED1DAF72C}.Release_CSB|Any CPU.Build.0 = Release_CSB|Any CPU
		{27B13FFF-BD0A-4104-BF99-970ED1DAF72C}.Release_SSB|Any CPU.ActiveCfg = Release_SSB|Any CPU
		{27B13FFF-BD0A-4104-BF99-970ED1DAF72C}.Release_SSB|Any CPU.Build.0 = Release_SSB|Any CPU
		{27B13FFF-BD0A-4104-BF99-970ED1DAF72C}.Release|Any CPU.ActiveCfg = Release_SSB|Any CPU
		{27B13FFF-BD0A-4104-BF99-970ED1DAF72C}.Release|Any CPU.Build.0 = Release_SSB|Any CPU
		{9BDD51BF-8707-49E7-9A6C-A2D13583A4AD}.Debug_CSB|Any CPU.ActiveCfg = Debug_CSB|Any CPU
		{9BDD51BF-8707-49E7-9A6C-A2D13583A4AD}.Debug_CSB|Any CPU.Build.0 = Debug_CSB|Any CPU
		{9BDD51BF-8707-49E7-9A6C-A2D13583A4AD}.Debug_SSB|Any CPU.ActiveCfg = Debug_SSB|Any CPU
		{9BDD51BF-8707-49E7-9A6C-A2D13583A4AD}.Debug_SSB|Any CPU.Build.0 = Debug_SSB|Any CPU
		{9BDD51BF-8707-49E7-9A6C-A2D13583A4AD}.Debug|Any CPU.ActiveCfg = Debug_CSB|Any CPU
		{9BDD51BF-8707-49E7-9A6C-A2D13583A4AD}.Debug|Any CPU.Build.0 = Debug_CSB|Any CPU
		{9BDD51BF-8707-49E7-9A6C-A2D13583A4AD}.Release_CSB|Any CPU.ActiveCfg = Release_CSB|Any CPU
		{9BDD51BF-8707-49E7-9A6C-A2D13583A4AD}.Release_CSB|Any CPU.Build.0 = Release_CSB|Any CPU
		{9BDD51BF-8707-49E7-9A6C-A2D13583A4AD}.Release_SSB|Any CPU.ActiveCfg = Release_SSB|Any CPU
		{9BDD51BF-8707-49E7-9A6C-A2D13583A4AD}.Release_SSB|Any CPU.Build.0 = Release_SSB|Any CPU
		{9BDD51BF-8707-49E7-9A6C-A2D13583A4AD}.Release|Any CPU.ActiveCfg = Release_SSB|Any CPU
		{9BDD51BF-8707-49E7-9A6C-A2D13583A4AD}.Release|Any CPU.Build.0 = Release_SSB|Any CPU
		{BBC48664-BC02-4359-8CE3-18803CE26B04}.Debug_CSB|Any CPU.ActiveCfg = Debug_CSB|Any CPU
		{BBC48664-BC02-4359-8CE3-18803CE26B04}.Debug_CSB|Any CPU.Build.0 = Debug_CSB|Any CPU
		{BBC48664-BC02-4359-8CE3-18803CE26B04}.Debug_SSB|Any CPU.ActiveCfg = Debug_SSB|Any CPU
		{BBC48664-BC02-4359-8CE3-18803CE26B04}.Debug_SSB|Any CPU.Build.0 = Debug_SSB|Any CPU
		{BBC48664-BC02-4359-8CE3-18803CE26B04}.Debug|Any CPU.ActiveCfg = Debug_CSB|Any CPU
		{BBC48664-BC02-4359-8CE3-18803CE26B04}.Debug|Any CPU.Build.0 = Debug_CSB|Any CPU
		{BBC48664-BC02-4359-8CE3-18803CE26B04}.Release_CSB|Any CPU.ActiveCfg = Release_CSB|Any CPU
		{BBC48664-BC02-4359-8CE3-18803CE26B04}.Release_CSB|Any CPU.Build.0 = Release_CSB|Any CPU
		{BBC48664-BC02-4359-8CE3-18803CE26B04}.Release_SSB|Any CPU.ActiveCfg = Release_SSB|Any CPU
		{BBC48664-BC02-4359-8CE3-18803CE26B04}.Release_SSB|Any CPU.Build.0 = Release_SSB|Any CPU
		{BBC48664-BC02-4359-8CE3-18803CE26B04}.Release|Any CPU.ActiveCfg = Release_SSB|Any CPU
		{BBC48664-BC02-4359-8CE3-18803CE26B04}.Release|Any CPU.Build.0 = Release_SSB|Any CPU
		{6C729274-199B-4EA5-9264-B1F81278FE9C}.Debug_CSB|Any CPU.ActiveCfg = Debug|Any CPU
		{6C729274-199B-4EA5-9264-B1F81278FE9C}.Debug_CSB|Any CPU.Build.0 = Debug|Any CPU
		{6C729274-199B-4EA5-9264-B1F81278FE9C}.Debug_SSB|Any CPU.ActiveCfg = Debug|Any CPU
		{6C729274-199B-4EA5-9264-B1F81278FE9C}.Debug_SSB|Any CPU.Build.0 = Debug|Any CPU
		{6C729274-199B-4EA5-9264-B1F81278FE9C}.Debug|Any CPU.ActiveCfg = Debug|Any CPU
		{6C729274-199B-4EA5-9264-B1F81278FE9C}.Debug|Any CPU.Build.0 = Debug|Any CPU
		{6C729274-199B-4EA5-9264-B1F81278FE9C}.Release_CSB|Any CPU.ActiveCfg = Release|Any CPU
		{6C729274-199B-4EA5-9264-B1F81278FE9C}.Release_CSB|Any CPU.Build.0 = Release|Any CPU
		{6C729274-199B-4EA5-9264-B1F81278FE9C}.Release_SSB|Any CPU.ActiveCfg = Release|Any CPU
		{6C729274-199B-4EA5-9264-B1F81278FE9C}.Release_SSB|Any CPU.Build.0 = Release|Any CPU
		{6C729274-199B-4EA5-9264-B1F81278FE9C}.Release|Any CPU.ActiveCfg = Release|Any CPU
		{6C729274-199B-4EA5-9264-B1F81278FE9C}.Release|Any CPU.Build.0 = Release|Any CPU
		{0920048F-0EE4-41F5-9C1B-417C55EBE0B0}.Debug_CSB|Any CPU.ActiveCfg = Debug|Any CPU
		{0920048F-0EE4-41F5-9C1B-417C55EBE0B0}.Debug_CSB|Any CPU.Build.0 = Debug|Any CPU
		{0920048F-0EE4-41F5-9C1B-417C55EBE0B0}.Debug_SSB|Any CPU.ActiveCfg = Debug|Any CPU
		{0920048F-0EE4-41F5-9C1B-417C55EBE0B0}.Debug_SSB|Any CPU.Build.0 = Debug|Any CPU
		{0920048F-0EE4-41F5-9C1B-417C55EBE0B0}.Debug|Any CPU.ActiveCfg = Debug|Any CPU
		{0920048F-0EE4-41F5-9C1B-417C55EBE0B0}.Debug|Any CPU.Build.0 = Debug|Any CPU
		{0920048F-0EE4-41F5-9C1B-417C55EBE0B0}.Release_CSB|Any CPU.ActiveCfg = Release|Any CPU
		{0920048F-0EE4-41F5-9C1B-417C55EBE0B0}.Release_CSB|Any CPU.Build.0 = Release|Any CPU
		{0920048F-0EE4-41F5-9C1B-417C55EBE0B0}.Release_SSB|Any CPU.ActiveCfg = Release|Any CPU
		{0920048F-0EE4-41F5-9C1B-417C55EBE0B0}.Release_SSB|Any CPU.Build.0 = Release|Any CPU
		{0920048F-0EE4-41F5-9C1B-417C55EBE0B0}.Release|Any CPU.ActiveCfg = Release|Any CPU
		{0920048F-0EE4-41F5-9C1B-417C55EBE0B0}.Release|Any CPU.Build.0 = Release|Any CPU
		{DF816FD7-F162-456D-B935-62742CA9EC66}.Debug_CSB|Any CPU.ActiveCfg = Debug|Any CPU
		{DF816FD7-F162-456D-B935-62742CA9EC66}.Debug_CSB|Any CPU.Build.0 = Debug|Any CPU
		{DF816FD7-F162-456D-B935-62742CA9EC66}.Debug_SSB|Any CPU.ActiveCfg = Debug|Any CPU
		{DF816FD7-F162-456D-B935-62742CA9EC66}.Debug_SSB|Any CPU.Build.0 = Debug|Any CPU
		{DF816FD7-F162-456D-B935-62742CA9EC66}.Debug|Any CPU.ActiveCfg = Debug|Any CPU
		{DF816FD7-F162-456D-B935-62742CA9EC66}.Debug|Any CPU.Build.0 = Debug|Any CPU
		{DF816FD7-F162-456D-B935-62742CA9EC66}.Release_CSB|Any CPU.ActiveCfg = Release|Any CPU
		{DF816FD7-F162-456D-B935-62742CA9EC66}.Release_CSB|Any CPU.Build.0 = Release|Any CPU
		{DF816FD7-F162-456D-B935-62742CA9EC66}.Release_SSB|Any CPU.ActiveCfg = Release|Any CPU
		{DF816FD7-F162-456D-B935-62742CA9EC66}.Release_SSB|Any CPU.Build.0 = Release|Any CPU
		{DF816FD7-F162-456D-B935-62742CA9EC66}.Release|Any CPU.ActiveCfg = Release|Any CPU
		{DF816FD7-F162-456D-B935-62742CA9EC66}.Release|Any CPU.Build.0 = Release|Any CPU
		{6E5B3C46-CD4D-4CD2-9A91-658B70B5949F}.Debug_CSB|Any CPU.ActiveCfg = Debug|Any CPU
		{6E5B3C46-CD4D-4CD2-9A91-658B70B5949F}.Debug_CSB|Any CPU.Build.0 = Debug|Any CPU
		{6E5B3C46-CD4D-4CD2-9A91-658B70B5949F}.Debug_SSB|Any CPU.ActiveCfg = Debug|Any CPU
		{6E5B3C46-CD4D-4CD2-9A91-658B70B5949F}.Debug_SSB|Any CPU.Build.0 = Debug|Any CPU
		{6E5B3C46-CD4D-4CD2-9A91-658B70B5949F}.Debug|Any CPU.ActiveCfg = Debug|Any CPU
		{6E5B3C46-CD4D-4CD2-9A91-658B70B5949F}.Debug|Any CPU.Build.0 = Debug|Any CPU
		{6E5B3C46-CD4D-4CD2-9A91-658B70B5949F}.Release_CSB|Any CPU.ActiveCfg = Release|Any CPU
		{6E5B3C46-CD4D-4CD2-9A91-658B70B5949F}.Release_CSB|Any CPU.Build.0 = Release|Any CPU
		{6E5B3C46-CD4D-4CD2-9A91-658B70B5949F}.Release_SSB|Any CPU.ActiveCfg = Release|Any CPU
		{6E5B3C46-CD4D-4CD2-9A91-658B70B5949F}.Release_SSB|Any CPU.Build.0 = Release|Any CPU
		{6E5B3C46-CD4D-4CD2-9A91-658B70B5949F}.Release|Any CPU.ActiveCfg = Release|Any CPU
		{6E5B3C46-CD4D-4CD2-9A91-658B70B5949F}.Release|Any CPU.Build.0 = Release|Any CPU
	EndGlobalSection
	GlobalSection(SolutionProperties) = preSolution
		HideSolutionNode = FALSE
	EndGlobalSection
	GlobalSection(NestedProjects) = preSolution
		{A54A07F9-ADD6-4C02-8A63-1E71AED7A9FA} = {BB13F037-A152-460F-8239-A7001DA6E264}
		{46095E25-3E0E-408C-9048-B6308ADF8E89} = {BB13F037-A152-460F-8239-A7001DA6E264}
		{DF564763-88BA-46A6-ACA1-061F5FDB2826} = {BB13F037-A152-460F-8239-A7001DA6E264}
		{7BA9CE1D-91FA-4F55-9A90-FF82B2C97963} = {BB13F037-A152-460F-8239-A7001DA6E264}
		{8C2834E6-99D4-446B-A576-E515E5B7B7E9} = {17E6308E-695B-4A13-AAE8-82523412662F}
		{72D17680-BDCD-4DCE-8EB3-26417821BCBA} = {17E6308E-695B-4A13-AAE8-82523412662F}
		{DACC4A5C-2115-4A91-8C08-20D46656B76F} = {CD939C74-C080-425C-8613-8157ACD339E4}
		{3671D8A9-40D4-44D3-82C8-ED2A8CC1BF1D} = {CD939C74-C080-425C-8613-8157ACD339E4}
		{27B13FFF-BD0A-4104-BF99-970ED1DAF72C} = {CD939C74-C080-425C-8613-8157ACD339E4}
		{9BDD51BF-8707-49E7-9A6C-A2D13583A4AD} = {CD939C74-C080-425C-8613-8157ACD339E4}
		{BBC48664-BC02-4359-8CE3-18803CE26B04} = {CD939C74-C080-425C-8613-8157ACD339E4}
		{6C729274-199B-4EA5-9264-B1F81278FE9C} = {34F269A0-2115-4C2B-971C-004A3C0F68F0}
		{0920048F-0EE4-41F5-9C1B-417C55EBE0B0} = {7DBB079F-3B3C-4BF2-9078-E38C2ADC91BB}
		{DF816FD7-F162-456D-B935-62742CA9EC66} = {7DBB079F-3B3C-4BF2-9078-E38C2ADC91BB}
		{6E5B3C46-CD4D-4CD2-9A91-658B70B5949F} = {7DBB079F-3B3C-4BF2-9078-E38C2ADC91BB}
	EndGlobalSection
	GlobalSection(ExtensibilityGlobals) = postSolution
		SolutionGuid = {C70B1E27-EE97-4CE6-B419-6B4B1F3FE52B}
	EndGlobalSection
EndGlobal
